// !$*UTF8*$!
{
	archiveVersion = 1;
	classes = {
	};
	objectVersion = 48;
	objects = {

/* Begin PBXBuildFile section */
		FE49A4AE208A3C2300B1FBEE /* CreatorКing.cpp in Sources */ = {isa = PBXBuildFile; fileRef = FE49A4AC208A3C2300B1FBEE /* CreatorКing.cpp */; };
		FE4E51442073E8CE002009AE /* main.cpp in Sources */ = {isa = PBXBuildFile; fileRef = FE4E51432073E8CE002009AE /* main.cpp */; };
		FE4E51A6207428EF002009AE /* morphologicalTransformations.cpp in Sources */ = {isa = PBXBuildFile; fileRef = FE4E51A4207428EF002009AE /* morphologicalTransformations.cpp */; };
		FE4E51A720742C00002009AE /* libopencv_aruco.3.4.0.dylib in Frameworks */ = {isa = PBXBuildFile; fileRef = FE4E51622073EAB7002009AE /* libopencv_aruco.3.4.0.dylib */; };
		FE4E51A820742C00002009AE /* libopencv_aruco.3.4.0.dylib in Frameworks */ = {isa = PBXBuildFile; fileRef = FE4E51622073EAB7002009AE /* libopencv_aruco.3.4.0.dylib */; };
		FE4E51A920742C00002009AE /* libopencv_bgsegm.3.4.0.dylib in Frameworks */ = {isa = PBXBuildFile; fileRef = FE4E51732073EAB8002009AE /* libopencv_bgsegm.3.4.0.dylib */; };
		FE4E51AA20742C00002009AE /* libopencv_bgsegm.3.4.0.dylib in Frameworks */ = {isa = PBXBuildFile; fileRef = FE4E51732073EAB8002009AE /* libopencv_bgsegm.3.4.0.dylib */; };
		FE4E51AB20742C00002009AE /* libopencv_bioinspired.3.4.0.dylib in Frameworks */ = {isa = PBXBuildFile; fileRef = FE4E515E2073EAB7002009AE /* libopencv_bioinspired.3.4.0.dylib */; };
		FE4E51AC20742C00002009AE /* libopencv_bioinspired.3.4.0.dylib in Frameworks */ = {isa = PBXBuildFile; fileRef = FE4E515E2073EAB7002009AE /* libopencv_bioinspired.3.4.0.dylib */; };
		FE4E51AD20742C00002009AE /* libopencv_calib3d.3.4.0.dylib in Frameworks */ = {isa = PBXBuildFile; fileRef = FE4E516E2073EAB8002009AE /* libopencv_calib3d.3.4.0.dylib */; };
		FE4E51AE20742C00002009AE /* libopencv_calib3d.3.4.0.dylib in Frameworks */ = {isa = PBXBuildFile; fileRef = FE4E516E2073EAB8002009AE /* libopencv_calib3d.3.4.0.dylib */; };
		FE4E51AF20742C00002009AE /* libopencv_ccalib.3.4.0.dylib in Frameworks */ = {isa = PBXBuildFile; fileRef = FE4E51712073EAB8002009AE /* libopencv_ccalib.3.4.0.dylib */; };
		FE4E51B020742C00002009AE /* libopencv_ccalib.3.4.0.dylib in Frameworks */ = {isa = PBXBuildFile; fileRef = FE4E51712073EAB8002009AE /* libopencv_ccalib.3.4.0.dylib */; };
		FE4E51B120742C00002009AE /* libopencv_core.3.4.0.dylib in Frameworks */ = {isa = PBXBuildFile; fileRef = FE4E516F2073EAB8002009AE /* libopencv_core.3.4.0.dylib */; };
		FE4E51B220742C00002009AE /* libopencv_core.3.4.0.dylib in Frameworks */ = {isa = PBXBuildFile; fileRef = FE4E516F2073EAB8002009AE /* libopencv_core.3.4.0.dylib */; };
		FE4E51B320742C00002009AE /* libopencv_datasets.3.4.0.dylib in Frameworks */ = {isa = PBXBuildFile; fileRef = FE4E516A2073EAB8002009AE /* libopencv_datasets.3.4.0.dylib */; };
		FE4E51B420742C00002009AE /* libopencv_datasets.3.4.0.dylib in Frameworks */ = {isa = PBXBuildFile; fileRef = FE4E516A2073EAB8002009AE /* libopencv_datasets.3.4.0.dylib */; };
		FE4E51B520742C00002009AE /* libopencv_dnn.3.4.0.dylib in Frameworks */ = {isa = PBXBuildFile; fileRef = FE4E515F2073EAB7002009AE /* libopencv_dnn.3.4.0.dylib */; };
		FE4E51B620742C00002009AE /* libopencv_dnn.3.4.0.dylib in Frameworks */ = {isa = PBXBuildFile; fileRef = FE4E515F2073EAB7002009AE /* libopencv_dnn.3.4.0.dylib */; };
		FE4E51B720742C00002009AE /* libopencv_dpm.3.4.0.dylib in Frameworks */ = {isa = PBXBuildFile; fileRef = FE4E51702073EAB8002009AE /* libopencv_dpm.3.4.0.dylib */; };
		FE4E51B820742C00002009AE /* libopencv_dpm.3.4.0.dylib in Frameworks */ = {isa = PBXBuildFile; fileRef = FE4E51702073EAB8002009AE /* libopencv_dpm.3.4.0.dylib */; };
		FE4E51B920742C00002009AE /* libopencv_face.3.4.0.dylib in Frameworks */ = {isa = PBXBuildFile; fileRef = FE4E515C2073EAB7002009AE /* libopencv_face.3.4.0.dylib */; };
		FE4E51BA20742C00002009AE /* libopencv_face.3.4.0.dylib in Frameworks */ = {isa = PBXBuildFile; fileRef = FE4E515C2073EAB7002009AE /* libopencv_face.3.4.0.dylib */; };
		FE4E51BB20742C00002009AE /* libopencv_features2d.3.4.0.dylib in Frameworks */ = {isa = PBXBuildFile; fileRef = FE4E51692073EAB8002009AE /* libopencv_features2d.3.4.0.dylib */; };
		FE4E51BC20742C00002009AE /* libopencv_features2d.3.4.0.dylib in Frameworks */ = {isa = PBXBuildFile; fileRef = FE4E51692073EAB8002009AE /* libopencv_features2d.3.4.0.dylib */; };
		FE4E51BD20742C00002009AE /* libopencv_flann.3.4.0.dylib in Frameworks */ = {isa = PBXBuildFile; fileRef = FE4E514D2073EAB7002009AE /* libopencv_flann.3.4.0.dylib */; };
		FE4E51BE20742C00002009AE /* libopencv_flann.3.4.0.dylib in Frameworks */ = {isa = PBXBuildFile; fileRef = FE4E514D2073EAB7002009AE /* libopencv_flann.3.4.0.dylib */; };
		FE4E51BF20742C00002009AE /* libopencv_fuzzy.3.4.0.dylib in Frameworks */ = {isa = PBXBuildFile; fileRef = FE4E51682073EAB8002009AE /* libopencv_fuzzy.3.4.0.dylib */; };
		FE4E51C020742C00002009AE /* libopencv_fuzzy.3.4.0.dylib in Frameworks */ = {isa = PBXBuildFile; fileRef = FE4E51682073EAB8002009AE /* libopencv_fuzzy.3.4.0.dylib */; };
		FE4E51C120742C00002009AE /* libopencv_highgui.3.4.0.dylib in Frameworks */ = {isa = PBXBuildFile; fileRef = FE4E516C2073EAB8002009AE /* libopencv_highgui.3.4.0.dylib */; };
		FE4E51C220742C00002009AE /* libopencv_highgui.3.4.0.dylib in Frameworks */ = {isa = PBXBuildFile; fileRef = FE4E516C2073EAB8002009AE /* libopencv_highgui.3.4.0.dylib */; };
		FE4E51C320742C00002009AE /* libopencv_img_hash.3.4.0.dylib in Frameworks */ = {isa = PBXBuildFile; fileRef = FE4E51502073EAB7002009AE /* libopencv_img_hash.3.4.0.dylib */; };
		FE4E51C420742C00002009AE /* libopencv_img_hash.3.4.0.dylib in Frameworks */ = {isa = PBXBuildFile; fileRef = FE4E51502073EAB7002009AE /* libopencv_img_hash.3.4.0.dylib */; };
		FE4E51C520742C00002009AE /* libopencv_imgcodecs.3.4.0.dylib in Frameworks */ = {isa = PBXBuildFile; fileRef = FE4E51642073EAB8002009AE /* libopencv_imgcodecs.3.4.0.dylib */; };
		FE4E51C620742C00002009AE /* libopencv_imgcodecs.3.4.0.dylib in Frameworks */ = {isa = PBXBuildFile; fileRef = FE4E51642073EAB8002009AE /* libopencv_imgcodecs.3.4.0.dylib */; };
		FE4E51C720742C00002009AE /* libopencv_imgproc.3.4.0.dylib in Frameworks */ = {isa = PBXBuildFile; fileRef = FE4E514F2073EAB7002009AE /* libopencv_imgproc.3.4.0.dylib */; };
		FE4E51C820742C00002009AE /* libopencv_imgproc.3.4.0.dylib in Frameworks */ = {isa = PBXBuildFile; fileRef = FE4E514F2073EAB7002009AE /* libopencv_imgproc.3.4.0.dylib */; };
		FE4E51C920742C00002009AE /* libopencv_line_descriptor.3.4.0.dylib in Frameworks */ = {isa = PBXBuildFile; fileRef = FE4E514B2073EAB7002009AE /* libopencv_line_descriptor.3.4.0.dylib */; };
		FE4E51CA20742C00002009AE /* libopencv_line_descriptor.3.4.0.dylib in Frameworks */ = {isa = PBXBuildFile; fileRef = FE4E514B2073EAB7002009AE /* libopencv_line_descriptor.3.4.0.dylib */; };
		FE4E51CB20742C00002009AE /* libopencv_ml.3.4.0.dylib in Frameworks */ = {isa = PBXBuildFile; fileRef = FE4E51582073EAB7002009AE /* libopencv_ml.3.4.0.dylib */; };
		FE4E51CC20742C00002009AE /* libopencv_ml.3.4.0.dylib in Frameworks */ = {isa = PBXBuildFile; fileRef = FE4E51582073EAB7002009AE /* libopencv_ml.3.4.0.dylib */; };
		FE4E51CD20742C00002009AE /* libopencv_objdetect.3.4.0.dylib in Frameworks */ = {isa = PBXBuildFile; fileRef = FE4E51532073EAB7002009AE /* libopencv_objdetect.3.4.0.dylib */; };
		FE4E51CE20742C00002009AE /* libopencv_objdetect.3.4.0.dylib in Frameworks */ = {isa = PBXBuildFile; fileRef = FE4E51532073EAB7002009AE /* libopencv_objdetect.3.4.0.dylib */; };
		FE4E51CF20742C00002009AE /* libopencv_optflow.3.4.0.dylib in Frameworks */ = {isa = PBXBuildFile; fileRef = FE4E51632073EAB8002009AE /* libopencv_optflow.3.4.0.dylib */; };
		FE4E51D020742C00002009AE /* libopencv_optflow.3.4.0.dylib in Frameworks */ = {isa = PBXBuildFile; fileRef = FE4E51632073EAB8002009AE /* libopencv_optflow.3.4.0.dylib */; };
		FE4E51D120742C00002009AE /* libopencv_phase_unwrapping.3.4.0.dylib in Frameworks */ = {isa = PBXBuildFile; fileRef = FE4E515A2073EAB7002009AE /* libopencv_phase_unwrapping.3.4.0.dylib */; };
		FE4E51D220742C00002009AE /* libopencv_phase_unwrapping.3.4.0.dylib in Frameworks */ = {isa = PBXBuildFile; fileRef = FE4E515A2073EAB7002009AE /* libopencv_phase_unwrapping.3.4.0.dylib */; };
		FE4E51D320742C00002009AE /* libopencv_photo.3.4.0.dylib in Frameworks */ = {isa = PBXBuildFile; fileRef = FE4E51552073EAB7002009AE /* libopencv_photo.3.4.0.dylib */; };
		FE4E51D420742C00002009AE /* libopencv_photo.3.4.0.dylib in Frameworks */ = {isa = PBXBuildFile; fileRef = FE4E51552073EAB7002009AE /* libopencv_photo.3.4.0.dylib */; };
		FE4E51D520742C00002009AE /* libopencv_plot.3.4.0.dylib in Frameworks */ = {isa = PBXBuildFile; fileRef = FE4E51512073EAB7002009AE /* libopencv_plot.3.4.0.dylib */; };
		FE4E51D620742C00002009AE /* libopencv_plot.3.4.0.dylib in Frameworks */ = {isa = PBXBuildFile; fileRef = FE4E51512073EAB7002009AE /* libopencv_plot.3.4.0.dylib */; };
		FE4E51D720742C00002009AE /* libopencv_reg.3.4.0.dylib in Frameworks */ = {isa = PBXBuildFile; fileRef = FE4E514E2073EAB7002009AE /* libopencv_reg.3.4.0.dylib */; };
		FE4E51D820742C00002009AE /* libopencv_reg.3.4.0.dylib in Frameworks */ = {isa = PBXBuildFile; fileRef = FE4E514E2073EAB7002009AE /* libopencv_reg.3.4.0.dylib */; };
		FE4E51D920742C00002009AE /* libopencv_rgbd.3.4.0.dylib in Frameworks */ = {isa = PBXBuildFile; fileRef = FE4E51722073EAB8002009AE /* libopencv_rgbd.3.4.0.dylib */; };
		FE4E51DA20742C00002009AE /* libopencv_rgbd.3.4.0.dylib in Frameworks */ = {isa = PBXBuildFile; fileRef = FE4E51722073EAB8002009AE /* libopencv_rgbd.3.4.0.dylib */; };
		FE4E51DB20742C00002009AE /* libopencv_saliency.3.4.0.dylib in Frameworks */ = {isa = PBXBuildFile; fileRef = FE4E515B2073EAB7002009AE /* libopencv_saliency.3.4.0.dylib */; };
		FE4E51DC20742C00002009AE /* libopencv_saliency.3.4.0.dylib in Frameworks */ = {isa = PBXBuildFile; fileRef = FE4E515B2073EAB7002009AE /* libopencv_saliency.3.4.0.dylib */; };
		FE4E51DD20742C00002009AE /* libopencv_shape.3.4.0.dylib in Frameworks */ = {isa = PBXBuildFile; fileRef = FE4E515D2073EAB7002009AE /* libopencv_shape.3.4.0.dylib */; };
		FE4E51DE20742C00002009AE /* libopencv_shape.3.4.0.dylib in Frameworks */ = {isa = PBXBuildFile; fileRef = FE4E515D2073EAB7002009AE /* libopencv_shape.3.4.0.dylib */; };
		FE4E51DF20742C00002009AE /* libopencv_stereo.3.4.0.dylib in Frameworks */ = {isa = PBXBuildFile; fileRef = FE4E51602073EAB7002009AE /* libopencv_stereo.3.4.0.dylib */; };
		FE4E51E020742C00002009AE /* libopencv_stereo.3.4.0.dylib in Frameworks */ = {isa = PBXBuildFile; fileRef = FE4E51602073EAB7002009AE /* libopencv_stereo.3.4.0.dylib */; };
		FE4E51E120742C00002009AE /* libopencv_stitching.3.4.0.dylib in Frameworks */ = {isa = PBXBuildFile; fileRef = FE4E516D2073EAB8002009AE /* libopencv_stitching.3.4.0.dylib */; };
		FE4E51E220742C00002009AE /* libopencv_stitching.3.4.0.dylib in Frameworks */ = {isa = PBXBuildFile; fileRef = FE4E516D2073EAB8002009AE /* libopencv_stitching.3.4.0.dylib */; };
		FE4E51E320742C00002009AE /* libopencv_structured_light.3.4.0.dylib in Frameworks */ = {isa = PBXBuildFile; fileRef = FE4E51742073EAB8002009AE /* libopencv_structured_light.3.4.0.dylib */; };
		FE4E51E420742C00002009AE /* libopencv_structured_light.3.4.0.dylib in Frameworks */ = {isa = PBXBuildFile; fileRef = FE4E51742073EAB8002009AE /* libopencv_structured_light.3.4.0.dylib */; };
		FE4E51E520742C00002009AE /* libopencv_superres.3.4.0.dylib in Frameworks */ = {isa = PBXBuildFile; fileRef = FE4E51672073EAB8002009AE /* libopencv_superres.3.4.0.dylib */; };
		FE4E51E620742C00002009AE /* libopencv_superres.3.4.0.dylib in Frameworks */ = {isa = PBXBuildFile; fileRef = FE4E51672073EAB8002009AE /* libopencv_superres.3.4.0.dylib */; };
		FE4E51E720742C00002009AE /* libopencv_surface_matching.3.4.0.dylib in Frameworks */ = {isa = PBXBuildFile; fileRef = FE4E51752073EAB8002009AE /* libopencv_surface_matching.3.4.0.dylib */; };
		FE4E51E820742C00002009AE /* libopencv_surface_matching.3.4.0.dylib in Frameworks */ = {isa = PBXBuildFile; fileRef = FE4E51752073EAB8002009AE /* libopencv_surface_matching.3.4.0.dylib */; };
		FE4E51E920742C00002009AE /* libopencv_text.3.4.0.dylib in Frameworks */ = {isa = PBXBuildFile; fileRef = FE4E51542073EAB7002009AE /* libopencv_text.3.4.0.dylib */; };
		FE4E51EA20742C00002009AE /* libopencv_text.3.4.0.dylib in Frameworks */ = {isa = PBXBuildFile; fileRef = FE4E51542073EAB7002009AE /* libopencv_text.3.4.0.dylib */; };
		FE4E51EB20742C00002009AE /* libopencv_tracking.3.4.0.dylib in Frameworks */ = {isa = PBXBuildFile; fileRef = FE4E51562073EAB7002009AE /* libopencv_tracking.3.4.0.dylib */; };
		FE4E51EC20742C00002009AE /* libopencv_tracking.3.4.0.dylib in Frameworks */ = {isa = PBXBuildFile; fileRef = FE4E51562073EAB7002009AE /* libopencv_tracking.3.4.0.dylib */; };
		FE4E51ED20742C00002009AE /* libopencv_video.3.4.0.dylib in Frameworks */ = {isa = PBXBuildFile; fileRef = FE4E51612073EAB7002009AE /* libopencv_video.3.4.0.dylib */; };
		FE4E51EE20742C00002009AE /* libopencv_video.3.4.0.dylib in Frameworks */ = {isa = PBXBuildFile; fileRef = FE4E51612073EAB7002009AE /* libopencv_video.3.4.0.dylib */; };
		FE4E51EF20742C00002009AE /* libopencv_videoio.3.4.0.dylib in Frameworks */ = {isa = PBXBuildFile; fileRef = FE4E514C2073EAB7002009AE /* libopencv_videoio.3.4.0.dylib */; };
		FE4E51F020742C00002009AE /* libopencv_videoio.3.4.0.dylib in Frameworks */ = {isa = PBXBuildFile; fileRef = FE4E514C2073EAB7002009AE /* libopencv_videoio.3.4.0.dylib */; };
		FE4E51F120742C00002009AE /* libopencv_videostab.3.4.0.dylib in Frameworks */ = {isa = PBXBuildFile; fileRef = FE4E51652073EAB8002009AE /* libopencv_videostab.3.4.0.dylib */; };
		FE4E51F220742C00002009AE /* libopencv_videostab.3.4.0.dylib in Frameworks */ = {isa = PBXBuildFile; fileRef = FE4E51652073EAB8002009AE /* libopencv_videostab.3.4.0.dylib */; };
		FE4E51F320742C00002009AE /* libopencv_xfeatures2d.3.4.0.dylib in Frameworks */ = {isa = PBXBuildFile; fileRef = FE4E51572073EAB7002009AE /* libopencv_xfeatures2d.3.4.0.dylib */; };
		FE4E51F420742C00002009AE /* libopencv_xfeatures2d.3.4.0.dylib in Frameworks */ = {isa = PBXBuildFile; fileRef = FE4E51572073EAB7002009AE /* libopencv_xfeatures2d.3.4.0.dylib */; };
		FE4E51F520742C00002009AE /* libopencv_ximgproc.3.4.0.dylib in Frameworks */ = {isa = PBXBuildFile; fileRef = FE4E51662073EAB8002009AE /* libopencv_ximgproc.3.4.0.dylib */; };
		FE4E51F620742C00002009AE /* libopencv_ximgproc.3.4.0.dylib in Frameworks */ = {isa = PBXBuildFile; fileRef = FE4E51662073EAB8002009AE /* libopencv_ximgproc.3.4.0.dylib */; };
		FE4E51F720742C00002009AE /* libopencv_xobjdetect.3.4.0.dylib in Frameworks */ = {isa = PBXBuildFile; fileRef = FE4E516B2073EAB8002009AE /* libopencv_xobjdetect.3.4.0.dylib */; };
		FE4E51F820742C00002009AE /* libopencv_xobjdetect.3.4.0.dylib in Frameworks */ = {isa = PBXBuildFile; fileRef = FE4E516B2073EAB8002009AE /* libopencv_xobjdetect.3.4.0.dylib */; };
		FE4E51F920742C00002009AE /* libopencv_xphoto.3.4.0.dylib in Frameworks */ = {isa = PBXBuildFile; fileRef = FE4E51522073EAB7002009AE /* libopencv_xphoto.3.4.0.dylib */; };
		FE4E51FA20742C00002009AE /* libopencv_xphoto.3.4.0.dylib in Frameworks */ = {isa = PBXBuildFile; fileRef = FE4E51522073EAB7002009AE /* libopencv_xphoto.3.4.0.dylib */; };
		FE4E51FB20742C00002009AE /* libopencv_aruco.3.4.0.dylib in Frameworks */ = {isa = PBXBuildFile; fileRef = FE4E51622073EAB7002009AE /* libopencv_aruco.3.4.0.dylib */; };
		FE4E51FC20742C00002009AE /* libopencv_bgsegm.3.4.0.dylib in Frameworks */ = {isa = PBXBuildFile; fileRef = FE4E51732073EAB8002009AE /* libopencv_bgsegm.3.4.0.dylib */; };
		FE4E51FD20742C00002009AE /* libopencv_bioinspired.3.4.0.dylib in Frameworks */ = {isa = PBXBuildFile; fileRef = FE4E515E2073EAB7002009AE /* libopencv_bioinspired.3.4.0.dylib */; };
		FE4E51FE20742C00002009AE /* libopencv_calib3d.3.4.0.dylib in Frameworks */ = {isa = PBXBuildFile; fileRef = FE4E516E2073EAB8002009AE /* libopencv_calib3d.3.4.0.dylib */; };
		FE4E51FF20742C00002009AE /* libopencv_ccalib.3.4.0.dylib in Frameworks */ = {isa = PBXBuildFile; fileRef = FE4E51712073EAB8002009AE /* libopencv_ccalib.3.4.0.dylib */; };
		FE4E520020742C00002009AE /* libopencv_core.3.4.0.dylib in Frameworks */ = {isa = PBXBuildFile; fileRef = FE4E516F2073EAB8002009AE /* libopencv_core.3.4.0.dylib */; };
		FE4E520120742C00002009AE /* libopencv_datasets.3.4.0.dylib in Frameworks */ = {isa = PBXBuildFile; fileRef = FE4E516A2073EAB8002009AE /* libopencv_datasets.3.4.0.dylib */; };
		FE4E520220742C00002009AE /* libopencv_dnn.3.4.0.dylib in Frameworks */ = {isa = PBXBuildFile; fileRef = FE4E515F2073EAB7002009AE /* libopencv_dnn.3.4.0.dylib */; };
		FE4E520320742C00002009AE /* libopencv_dpm.3.4.0.dylib in Frameworks */ = {isa = PBXBuildFile; fileRef = FE4E51702073EAB8002009AE /* libopencv_dpm.3.4.0.dylib */; };
		FE4E520420742C00002009AE /* libopencv_face.3.4.0.dylib in Frameworks */ = {isa = PBXBuildFile; fileRef = FE4E515C2073EAB7002009AE /* libopencv_face.3.4.0.dylib */; };
		FE4E520520742C00002009AE /* libopencv_features2d.3.4.0.dylib in Frameworks */ = {isa = PBXBuildFile; fileRef = FE4E51692073EAB8002009AE /* libopencv_features2d.3.4.0.dylib */; };
		FE4E520620742C00002009AE /* libopencv_flann.3.4.0.dylib in Frameworks */ = {isa = PBXBuildFile; fileRef = FE4E514D2073EAB7002009AE /* libopencv_flann.3.4.0.dylib */; };
		FE4E520720742C00002009AE /* libopencv_fuzzy.3.4.0.dylib in Frameworks */ = {isa = PBXBuildFile; fileRef = FE4E51682073EAB8002009AE /* libopencv_fuzzy.3.4.0.dylib */; };
		FE4E520820742C00002009AE /* libopencv_highgui.3.4.0.dylib in Frameworks */ = {isa = PBXBuildFile; fileRef = FE4E516C2073EAB8002009AE /* libopencv_highgui.3.4.0.dylib */; };
		FE4E520920742C00002009AE /* libopencv_img_hash.3.4.0.dylib in Frameworks */ = {isa = PBXBuildFile; fileRef = FE4E51502073EAB7002009AE /* libopencv_img_hash.3.4.0.dylib */; };
		FE4E520A20742C00002009AE /* libopencv_imgcodecs.3.4.0.dylib in Frameworks */ = {isa = PBXBuildFile; fileRef = FE4E51642073EAB8002009AE /* libopencv_imgcodecs.3.4.0.dylib */; };
		FE4E520B20742C00002009AE /* libopencv_imgproc.3.4.0.dylib in Frameworks */ = {isa = PBXBuildFile; fileRef = FE4E514F2073EAB7002009AE /* libopencv_imgproc.3.4.0.dylib */; };
		FE4E520C20742C00002009AE /* libopencv_line_descriptor.3.4.0.dylib in Frameworks */ = {isa = PBXBuildFile; fileRef = FE4E514B2073EAB7002009AE /* libopencv_line_descriptor.3.4.0.dylib */; };
		FE4E520D20742C00002009AE /* libopencv_ml.3.4.0.dylib in Frameworks */ = {isa = PBXBuildFile; fileRef = FE4E51582073EAB7002009AE /* libopencv_ml.3.4.0.dylib */; };
		FE4E520E20742C00002009AE /* libopencv_objdetect.3.4.0.dylib in Frameworks */ = {isa = PBXBuildFile; fileRef = FE4E51532073EAB7002009AE /* libopencv_objdetect.3.4.0.dylib */; };
		FE4E520F20742C00002009AE /* libopencv_optflow.3.4.0.dylib in Frameworks */ = {isa = PBXBuildFile; fileRef = FE4E51632073EAB8002009AE /* libopencv_optflow.3.4.0.dylib */; };
		FE4E521020742C00002009AE /* libopencv_phase_unwrapping.3.4.0.dylib in Frameworks */ = {isa = PBXBuildFile; fileRef = FE4E515A2073EAB7002009AE /* libopencv_phase_unwrapping.3.4.0.dylib */; };
		FE4E521120742C00002009AE /* libopencv_photo.3.4.0.dylib in Frameworks */ = {isa = PBXBuildFile; fileRef = FE4E51552073EAB7002009AE /* libopencv_photo.3.4.0.dylib */; };
		FE4E521220742C00002009AE /* libopencv_plot.3.4.0.dylib in Frameworks */ = {isa = PBXBuildFile; fileRef = FE4E51512073EAB7002009AE /* libopencv_plot.3.4.0.dylib */; };
		FE4E521320742C00002009AE /* libopencv_reg.3.4.0.dylib in Frameworks */ = {isa = PBXBuildFile; fileRef = FE4E514E2073EAB7002009AE /* libopencv_reg.3.4.0.dylib */; };
		FE4E521420742C00002009AE /* libopencv_rgbd.3.4.0.dylib in Frameworks */ = {isa = PBXBuildFile; fileRef = FE4E51722073EAB8002009AE /* libopencv_rgbd.3.4.0.dylib */; };
		FE4E521520742C00002009AE /* libopencv_saliency.3.4.0.dylib in Frameworks */ = {isa = PBXBuildFile; fileRef = FE4E515B2073EAB7002009AE /* libopencv_saliency.3.4.0.dylib */; };
		FE4E521620742C00002009AE /* libopencv_shape.3.4.0.dylib in Frameworks */ = {isa = PBXBuildFile; fileRef = FE4E515D2073EAB7002009AE /* libopencv_shape.3.4.0.dylib */; };
		FE4E521720742C00002009AE /* libopencv_stereo.3.4.0.dylib in Frameworks */ = {isa = PBXBuildFile; fileRef = FE4E51602073EAB7002009AE /* libopencv_stereo.3.4.0.dylib */; };
		FE4E521820742C00002009AE /* libopencv_stitching.3.4.0.dylib in Frameworks */ = {isa = PBXBuildFile; fileRef = FE4E516D2073EAB8002009AE /* libopencv_stitching.3.4.0.dylib */; };
		FE4E521920742C00002009AE /* libopencv_structured_light.3.4.0.dylib in Frameworks */ = {isa = PBXBuildFile; fileRef = FE4E51742073EAB8002009AE /* libopencv_structured_light.3.4.0.dylib */; };
		FE4E521A20742C00002009AE /* libopencv_superres.3.4.0.dylib in Frameworks */ = {isa = PBXBuildFile; fileRef = FE4E51672073EAB8002009AE /* libopencv_superres.3.4.0.dylib */; };
		FE4E521B20742C00002009AE /* libopencv_surface_matching.3.4.0.dylib in Frameworks */ = {isa = PBXBuildFile; fileRef = FE4E51752073EAB8002009AE /* libopencv_surface_matching.3.4.0.dylib */; };
		FE4E521C20742C00002009AE /* libopencv_text.3.4.0.dylib in Frameworks */ = {isa = PBXBuildFile; fileRef = FE4E51542073EAB7002009AE /* libopencv_text.3.4.0.dylib */; };
		FE4E521D20742C00002009AE /* libopencv_tracking.3.4.0.dylib in Frameworks */ = {isa = PBXBuildFile; fileRef = FE4E51562073EAB7002009AE /* libopencv_tracking.3.4.0.dylib */; };
		FE4E521E20742C00002009AE /* libopencv_video.3.4.0.dylib in Frameworks */ = {isa = PBXBuildFile; fileRef = FE4E51612073EAB7002009AE /* libopencv_video.3.4.0.dylib */; };
		FE4E521F20742C00002009AE /* libopencv_videoio.3.4.0.dylib in Frameworks */ = {isa = PBXBuildFile; fileRef = FE4E514C2073EAB7002009AE /* libopencv_videoio.3.4.0.dylib */; };
		FE4E522020742C00002009AE /* libopencv_videostab.3.4.0.dylib in Frameworks */ = {isa = PBXBuildFile; fileRef = FE4E51652073EAB8002009AE /* libopencv_videostab.3.4.0.dylib */; };
		FE4E522120742C00002009AE /* libopencv_xfeatures2d.3.4.0.dylib in Frameworks */ = {isa = PBXBuildFile; fileRef = FE4E51572073EAB7002009AE /* libopencv_xfeatures2d.3.4.0.dylib */; };
		FE4E522220742C00002009AE /* libopencv_ximgproc.3.4.0.dylib in Frameworks */ = {isa = PBXBuildFile; fileRef = FE4E51662073EAB8002009AE /* libopencv_ximgproc.3.4.0.dylib */; };
		FE4E522320742C00002009AE /* libopencv_xobjdetect.3.4.0.dylib in Frameworks */ = {isa = PBXBuildFile; fileRef = FE4E516B2073EAB8002009AE /* libopencv_xobjdetect.3.4.0.dylib */; };
		FE4E522420742C00002009AE /* libopencv_xphoto.3.4.0.dylib in Frameworks */ = {isa = PBXBuildFile; fileRef = FE4E51522073EAB7002009AE /* libopencv_xphoto.3.4.0.dylib */; };
		FE4E522820742C01002009AE /* python3.6 in Frameworks */ = {isa = PBXBuildFile; fileRef = FE4E522520742C01002009AE /* python3.6 */; };
		FE4E522920742C01002009AE /* pkgconfig in Frameworks */ = {isa = PBXBuildFile; fileRef = FE4E522620742C01002009AE /* pkgconfig */; };
		FE4E522A20742C01002009AE /* python2.7 in Frameworks */ = {isa = PBXBuildFile; fileRef = FE4E522720742C01002009AE /* python2.7 */; };
		FE735670207CC4EB0008D044 /* holeRing.cpp in Sources */ = {isa = PBXBuildFile; fileRef = FE73566E207CC4EB0008D044 /* holeRing.cpp */; };
/* End PBXBuildFile section */

/* Begin PBXCopyFilesBuildPhase section */
		FE4E513E2073E8CE002009AE /* CopyFiles */ = {
			isa = PBXCopyFilesBuildPhase;
			buildActionMask = 2147483647;
			dstPath = /usr/share/man/man1/;
			dstSubfolderSpec = 0;
			files = (
			);
			runOnlyForDeploymentPostprocessing = 1;
		};
/* End PBXCopyFilesBuildPhase section */

/* Begin PBXFileReference section */
		FE49A4AC208A3C2300B1FBEE /* CreatorКing.cpp */ = {isa = PBXFileReference; lastKnownFileType = sourcecode.cpp.cpp; path = "CreatorКing.cpp"; sourceTree = "<group>"; };
		FE49A4AD208A3C2300B1FBEE /* CreatorКing.hpp */ = {isa = PBXFileReference; lastKnownFileType = sourcecode.cpp.h; path = "CreatorКing.hpp"; sourceTree = "<group>"; };
		FE4E51402073E8CE002009AE /* Morphological transformations */ = {isa = PBXFileReference; explicitFileType = "compiled.mach-o.executable"; includeInIndex = 0; path = "Morphological transformations"; sourceTree = BUILT_PRODUCTS_DIR; };
		FE4E51432073E8CE002009AE /* main.cpp */ = {isa = PBXFileReference; lastKnownFileType = sourcecode.cpp.cpp; path = main.cpp; sourceTree = "<group>"; };
		FE4E514B2073EAB7002009AE /* libopencv_line_descriptor.3.4.0.dylib */ = {isa = PBXFileReference; lastKnownFileType = "compiled.mach-o.dylib"; name = libopencv_line_descriptor.3.4.0.dylib; path = ../../../../../../usr/local/Cellar/opencv/3.4.0_1/lib/libopencv_line_descriptor.3.4.0.dylib; sourceTree = "<group>"; };
		FE4E514C2073EAB7002009AE /* libopencv_videoio.3.4.0.dylib */ = {isa = PBXFileReference; lastKnownFileType = "compiled.mach-o.dylib"; name = libopencv_videoio.3.4.0.dylib; path = ../../../../../../usr/local/Cellar/opencv/3.4.0_1/lib/libopencv_videoio.3.4.0.dylib; sourceTree = "<group>"; };
		FE4E514D2073EAB7002009AE /* libopencv_flann.3.4.0.dylib */ = {isa = PBXFileReference; lastKnownFileType = "compiled.mach-o.dylib"; name = libopencv_flann.3.4.0.dylib; path = ../../../../../../usr/local/Cellar/opencv/3.4.0_1/lib/libopencv_flann.3.4.0.dylib; sourceTree = "<group>"; };
		FE4E514E2073EAB7002009AE /* libopencv_reg.3.4.0.dylib */ = {isa = PBXFileReference; lastKnownFileType = "compiled.mach-o.dylib"; name = libopencv_reg.3.4.0.dylib; path = ../../../../../../usr/local/Cellar/opencv/3.4.0_1/lib/libopencv_reg.3.4.0.dylib; sourceTree = "<group>"; };
		FE4E514F2073EAB7002009AE /* libopencv_imgproc.3.4.0.dylib */ = {isa = PBXFileReference; lastKnownFileType = "compiled.mach-o.dylib"; name = libopencv_imgproc.3.4.0.dylib; path = ../../../../../../usr/local/Cellar/opencv/3.4.0_1/lib/libopencv_imgproc.3.4.0.dylib; sourceTree = "<group>"; };
		FE4E51502073EAB7002009AE /* libopencv_img_hash.3.4.0.dylib */ = {isa = PBXFileReference; lastKnownFileType = "compiled.mach-o.dylib"; name = libopencv_img_hash.3.4.0.dylib; path = ../../../../../../usr/local/Cellar/opencv/3.4.0_1/lib/libopencv_img_hash.3.4.0.dylib; sourceTree = "<group>"; };
		FE4E51512073EAB7002009AE /* libopencv_plot.3.4.0.dylib */ = {isa = PBXFileReference; lastKnownFileType = "compiled.mach-o.dylib"; name = libopencv_plot.3.4.0.dylib; path = ../../../../../../usr/local/Cellar/opencv/3.4.0_1/lib/libopencv_plot.3.4.0.dylib; sourceTree = "<group>"; };
		FE4E51522073EAB7002009AE /* libopencv_xphoto.3.4.0.dylib */ = {isa = PBXFileReference; lastKnownFileType = "compiled.mach-o.dylib"; name = libopencv_xphoto.3.4.0.dylib; path = ../../../../../../usr/local/Cellar/opencv/3.4.0_1/lib/libopencv_xphoto.3.4.0.dylib; sourceTree = "<group>"; };
		FE4E51532073EAB7002009AE /* libopencv_objdetect.3.4.0.dylib */ = {isa = PBXFileReference; lastKnownFileType = "compiled.mach-o.dylib"; name = libopencv_objdetect.3.4.0.dylib; path = ../../../../../../usr/local/Cellar/opencv/3.4.0_1/lib/libopencv_objdetect.3.4.0.dylib; sourceTree = "<group>"; };
		FE4E51542073EAB7002009AE /* libopencv_text.3.4.0.dylib */ = {isa = PBXFileReference; lastKnownFileType = "compiled.mach-o.dylib"; name = libopencv_text.3.4.0.dylib; path = ../../../../../../usr/local/Cellar/opencv/3.4.0_1/lib/libopencv_text.3.4.0.dylib; sourceTree = "<group>"; };
		FE4E51552073EAB7002009AE /* libopencv_photo.3.4.0.dylib */ = {isa = PBXFileReference; lastKnownFileType = "compiled.mach-o.dylib"; name = libopencv_photo.3.4.0.dylib; path = ../../../../../../usr/local/Cellar/opencv/3.4.0_1/lib/libopencv_photo.3.4.0.dylib; sourceTree = "<group>"; };
		FE4E51562073EAB7002009AE /* libopencv_tracking.3.4.0.dylib */ = {isa = PBXFileReference; lastKnownFileType = "compiled.mach-o.dylib"; name = libopencv_tracking.3.4.0.dylib; path = ../../../../../../usr/local/Cellar/opencv/3.4.0_1/lib/libopencv_tracking.3.4.0.dylib; sourceTree = "<group>"; };
		FE4E51572073EAB7002009AE /* libopencv_xfeatures2d.3.4.0.dylib */ = {isa = PBXFileReference; lastKnownFileType = "compiled.mach-o.dylib"; name = libopencv_xfeatures2d.3.4.0.dylib; path = ../../../../../../usr/local/Cellar/opencv/3.4.0_1/lib/libopencv_xfeatures2d.3.4.0.dylib; sourceTree = "<group>"; };
		FE4E51582073EAB7002009AE /* libopencv_ml.3.4.0.dylib */ = {isa = PBXFileReference; lastKnownFileType = "compiled.mach-o.dylib"; name = libopencv_ml.3.4.0.dylib; path = ../../../../../../usr/local/Cellar/opencv/3.4.0_1/lib/libopencv_ml.3.4.0.dylib; sourceTree = "<group>"; };
		FE4E51592073EAB7002009AE /* libomp.dylib */ = {isa = PBXFileReference; lastKnownFileType = "compiled.mach-o.dylib"; name = libomp.dylib; path = ../../../../../../usr/local/lib/libomp.dylib; sourceTree = "<group>"; };
		FE4E515A2073EAB7002009AE /* libopencv_phase_unwrapping.3.4.0.dylib */ = {isa = PBXFileReference; lastKnownFileType = "compiled.mach-o.dylib"; name = libopencv_phase_unwrapping.3.4.0.dylib; path = ../../../../../../usr/local/Cellar/opencv/3.4.0_1/lib/libopencv_phase_unwrapping.3.4.0.dylib; sourceTree = "<group>"; };
		FE4E515B2073EAB7002009AE /* libopencv_saliency.3.4.0.dylib */ = {isa = PBXFileReference; lastKnownFileType = "compiled.mach-o.dylib"; name = libopencv_saliency.3.4.0.dylib; path = ../../../../../../usr/local/Cellar/opencv/3.4.0_1/lib/libopencv_saliency.3.4.0.dylib; sourceTree = "<group>"; };
		FE4E515C2073EAB7002009AE /* libopencv_face.3.4.0.dylib */ = {isa = PBXFileReference; lastKnownFileType = "compiled.mach-o.dylib"; name = libopencv_face.3.4.0.dylib; path = ../../../../../../usr/local/Cellar/opencv/3.4.0_1/lib/libopencv_face.3.4.0.dylib; sourceTree = "<group>"; };
		FE4E515D2073EAB7002009AE /* libopencv_shape.3.4.0.dylib */ = {isa = PBXFileReference; lastKnownFileType = "compiled.mach-o.dylib"; name = libopencv_shape.3.4.0.dylib; path = ../../../../../../usr/local/Cellar/opencv/3.4.0_1/lib/libopencv_shape.3.4.0.dylib; sourceTree = "<group>"; };
		FE4E515E2073EAB7002009AE /* libopencv_bioinspired.3.4.0.dylib */ = {isa = PBXFileReference; lastKnownFileType = "compiled.mach-o.dylib"; name = libopencv_bioinspired.3.4.0.dylib; path = ../../../../../../usr/local/Cellar/opencv/3.4.0_1/lib/libopencv_bioinspired.3.4.0.dylib; sourceTree = "<group>"; };
		FE4E515F2073EAB7002009AE /* libopencv_dnn.3.4.0.dylib */ = {isa = PBXFileReference; lastKnownFileType = "compiled.mach-o.dylib"; name = libopencv_dnn.3.4.0.dylib; path = ../../../../../../usr/local/Cellar/opencv/3.4.0_1/lib/libopencv_dnn.3.4.0.dylib; sourceTree = "<group>"; };
		FE4E51602073EAB7002009AE /* libopencv_stereo.3.4.0.dylib */ = {isa = PBXFileReference; lastKnownFileType = "compiled.mach-o.dylib"; name = libopencv_stereo.3.4.0.dylib; path = ../../../../../../usr/local/Cellar/opencv/3.4.0_1/lib/libopencv_stereo.3.4.0.dylib; sourceTree = "<group>"; };
		FE4E51612073EAB7002009AE /* libopencv_video.3.4.0.dylib */ = {isa = PBXFileReference; lastKnownFileType = "compiled.mach-o.dylib"; name = libopencv_video.3.4.0.dylib; path = ../../../../../../usr/local/Cellar/opencv/3.4.0_1/lib/libopencv_video.3.4.0.dylib; sourceTree = "<group>"; };
		FE4E51622073EAB7002009AE /* libopencv_aruco.3.4.0.dylib */ = {isa = PBXFileReference; lastKnownFileType = "compiled.mach-o.dylib"; name = libopencv_aruco.3.4.0.dylib; path = ../../../../../../usr/local/Cellar/opencv/3.4.0_1/lib/libopencv_aruco.3.4.0.dylib; sourceTree = "<group>"; };
		FE4E51632073EAB8002009AE /* libopencv_optflow.3.4.0.dylib */ = {isa = PBXFileReference; lastKnownFileType = "compiled.mach-o.dylib"; name = libopencv_optflow.3.4.0.dylib; path = ../../../../../../usr/local/Cellar/opencv/3.4.0_1/lib/libopencv_optflow.3.4.0.dylib; sourceTree = "<group>"; };
		FE4E51642073EAB8002009AE /* libopencv_imgcodecs.3.4.0.dylib */ = {isa = PBXFileReference; lastKnownFileType = "compiled.mach-o.dylib"; name = libopencv_imgcodecs.3.4.0.dylib; path = ../../../../../../usr/local/Cellar/opencv/3.4.0_1/lib/libopencv_imgcodecs.3.4.0.dylib; sourceTree = "<group>"; };
		FE4E51652073EAB8002009AE /* libopencv_videostab.3.4.0.dylib */ = {isa = PBXFileReference; lastKnownFileType = "compiled.mach-o.dylib"; name = libopencv_videostab.3.4.0.dylib; path = ../../../../../../usr/local/Cellar/opencv/3.4.0_1/lib/libopencv_videostab.3.4.0.dylib; sourceTree = "<group>"; };
		FE4E51662073EAB8002009AE /* libopencv_ximgproc.3.4.0.dylib */ = {isa = PBXFileReference; lastKnownFileType = "compiled.mach-o.dylib"; name = libopencv_ximgproc.3.4.0.dylib; path = ../../../../../../usr/local/Cellar/opencv/3.4.0_1/lib/libopencv_ximgproc.3.4.0.dylib; sourceTree = "<group>"; };
		FE4E51672073EAB8002009AE /* libopencv_superres.3.4.0.dylib */ = {isa = PBXFileReference; lastKnownFileType = "compiled.mach-o.dylib"; name = libopencv_superres.3.4.0.dylib; path = ../../../../../../usr/local/Cellar/opencv/3.4.0_1/lib/libopencv_superres.3.4.0.dylib; sourceTree = "<group>"; };
		FE4E51682073EAB8002009AE /* libopencv_fuzzy.3.4.0.dylib */ = {isa = PBXFileReference; lastKnownFileType = "compiled.mach-o.dylib"; name = libopencv_fuzzy.3.4.0.dylib; path = ../../../../../../usr/local/Cellar/opencv/3.4.0_1/lib/libopencv_fuzzy.3.4.0.dylib; sourceTree = "<group>"; };
		FE4E51692073EAB8002009AE /* libopencv_features2d.3.4.0.dylib */ = {isa = PBXFileReference; lastKnownFileType = "compiled.mach-o.dylib"; name = libopencv_features2d.3.4.0.dylib; path = ../../../../../../usr/local/Cellar/opencv/3.4.0_1/lib/libopencv_features2d.3.4.0.dylib; sourceTree = "<group>"; };
		FE4E516A2073EAB8002009AE /* libopencv_datasets.3.4.0.dylib */ = {isa = PBXFileReference; lastKnownFileType = "compiled.mach-o.dylib"; name = libopencv_datasets.3.4.0.dylib; path = ../../../../../../usr/local/Cellar/opencv/3.4.0_1/lib/libopencv_datasets.3.4.0.dylib; sourceTree = "<group>"; };
		FE4E516B2073EAB8002009AE /* libopencv_xobjdetect.3.4.0.dylib */ = {isa = PBXFileReference; lastKnownFileType = "compiled.mach-o.dylib"; name = libopencv_xobjdetect.3.4.0.dylib; path = ../../../../../../usr/local/Cellar/opencv/3.4.0_1/lib/libopencv_xobjdetect.3.4.0.dylib; sourceTree = "<group>"; };
		FE4E516C2073EAB8002009AE /* libopencv_highgui.3.4.0.dylib */ = {isa = PBXFileReference; lastKnownFileType = "compiled.mach-o.dylib"; name = libopencv_highgui.3.4.0.dylib; path = ../../../../../../usr/local/Cellar/opencv/3.4.0_1/lib/libopencv_highgui.3.4.0.dylib; sourceTree = "<group>"; };
		FE4E516D2073EAB8002009AE /* libopencv_stitching.3.4.0.dylib */ = {isa = PBXFileReference; lastKnownFileType = "compiled.mach-o.dylib"; name = libopencv_stitching.3.4.0.dylib; path = ../../../../../../usr/local/Cellar/opencv/3.4.0_1/lib/libopencv_stitching.3.4.0.dylib; sourceTree = "<group>"; };
		FE4E516E2073EAB8002009AE /* libopencv_calib3d.3.4.0.dylib */ = {isa = PBXFileReference; lastKnownFileType = "compiled.mach-o.dylib"; name = libopencv_calib3d.3.4.0.dylib; path = ../../../../../../usr/local/Cellar/opencv/3.4.0_1/lib/libopencv_calib3d.3.4.0.dylib; sourceTree = "<group>"; };
		FE4E516F2073EAB8002009AE /* libopencv_core.3.4.0.dylib */ = {isa = PBXFileReference; lastKnownFileType = "compiled.mach-o.dylib"; name = libopencv_core.3.4.0.dylib; path = ../../../../../../usr/local/Cellar/opencv/3.4.0_1/lib/libopencv_core.3.4.0.dylib; sourceTree = "<group>"; };
		FE4E51702073EAB8002009AE /* libopencv_dpm.3.4.0.dylib */ = {isa = PBXFileReference; lastKnownFileType = "compiled.mach-o.dylib"; name = libopencv_dpm.3.4.0.dylib; path = ../../../../../../usr/local/Cellar/opencv/3.4.0_1/lib/libopencv_dpm.3.4.0.dylib; sourceTree = "<group>"; };
		FE4E51712073EAB8002009AE /* libopencv_ccalib.3.4.0.dylib */ = {isa = PBXFileReference; lastKnownFileType = "compiled.mach-o.dylib"; name = libopencv_ccalib.3.4.0.dylib; path = ../../../../../../usr/local/Cellar/opencv/3.4.0_1/lib/libopencv_ccalib.3.4.0.dylib; sourceTree = "<group>"; };
		FE4E51722073EAB8002009AE /* libopencv_rgbd.3.4.0.dylib */ = {isa = PBXFileReference; lastKnownFileType = "compiled.mach-o.dylib"; name = libopencv_rgbd.3.4.0.dylib; path = ../../../../../../usr/local/Cellar/opencv/3.4.0_1/lib/libopencv_rgbd.3.4.0.dylib; sourceTree = "<group>"; };
		FE4E51732073EAB8002009AE /* libopencv_bgsegm.3.4.0.dylib */ = {isa = PBXFileReference; lastKnownFileType = "compiled.mach-o.dylib"; name = libopencv_bgsegm.3.4.0.dylib; path = ../../../../../../usr/local/Cellar/opencv/3.4.0_1/lib/libopencv_bgsegm.3.4.0.dylib; sourceTree = "<group>"; };
		FE4E51742073EAB8002009AE /* libopencv_structured_light.3.4.0.dylib */ = {isa = PBXFileReference; lastKnownFileType = "compiled.mach-o.dylib"; name = libopencv_structured_light.3.4.0.dylib; path = ../../../../../../usr/local/Cellar/opencv/3.4.0_1/lib/libopencv_structured_light.3.4.0.dylib; sourceTree = "<group>"; };
		FE4E51752073EAB8002009AE /* libopencv_surface_matching.3.4.0.dylib */ = {isa = PBXFileReference; lastKnownFileType = "compiled.mach-o.dylib"; name = libopencv_surface_matching.3.4.0.dylib; path = ../../../../../../usr/local/Cellar/opencv/3.4.0_1/lib/libopencv_surface_matching.3.4.0.dylib; sourceTree = "<group>"; };
		FE4E51A4207428EF002009AE /* morphologicalTransformations.cpp */ = {isa = PBXFileReference; lastKnownFileType = sourcecode.cpp.cpp; path = morphologicalTransformations.cpp; sourceTree = "<group>"; };
		FE4E51A5207428EF002009AE /* morphologicalTransformations.hpp */ = {isa = PBXFileReference; lastKnownFileType = sourcecode.cpp.h; path = morphologicalTransformations.hpp; sourceTree = "<group>"; };
		FE4E522520742C01002009AE /* python3.6 */ = {isa = PBXFileReference; lastKnownFileType = folder; name = python3.6; path = ../../../../../../usr/local/Cellar/opencv/3.4.0_1/lib/python3.6; sourceTree = "<group>"; };
		FE4E522620742C01002009AE /* pkgconfig */ = {isa = PBXFileReference; lastKnownFileType = folder; name = pkgconfig; path = ../../../../../../usr/local/Cellar/opencv/3.4.0_1/lib/pkgconfig; sourceTree = "<group>"; };
		FE4E522720742C01002009AE /* python2.7 */ = {isa = PBXFileReference; lastKnownFileType = folder; name = python2.7; path = ../../../../../../usr/local/Cellar/opencv/3.4.0_1/lib/python2.7; sourceTree = "<group>"; };
		FE73566E207CC4EB0008D044 /* holeRing.cpp */ = {isa = PBXFileReference; lastKnownFileType = sourcecode.cpp.cpp; path = holeRing.cpp; sourceTree = "<group>"; };
		FE73566F207CC4EB0008D044 /* holeRing.hpp */ = {isa = PBXFileReference; lastKnownFileType = sourcecode.cpp.h; path = holeRing.hpp; sourceTree = "<group>"; };
		FEB0B19A208654C60060C6EE /* Шестеренки.png */ = {isa = PBXFileReference; lastKnownFileType = image.png; name = "Шестеренки.png"; path = "media/Шестеренки.png"; sourceTree = "<group>"; };
/* End PBXFileReference section */

/* Begin PBXFrameworksBuildPhase section */
		FE4E513D2073E8CE002009AE /* Frameworks */ = {
			isa = PBXFrameworksBuildPhase;
			buildActionMask = 2147483647;
			files = (
				FE4E522820742C01002009AE /* python3.6 in Frameworks */,
				FE4E522920742C01002009AE /* pkgconfig in Frameworks */,
				FE4E522A20742C01002009AE /* python2.7 in Frameworks */,
				FE4E51A720742C00002009AE /* libopencv_aruco.3.4.0.dylib in Frameworks */,
				FE4E51A820742C00002009AE /* libopencv_aruco.3.4.0.dylib in Frameworks */,
				FE4E51A920742C00002009AE /* libopencv_bgsegm.3.4.0.dylib in Frameworks */,
				FE4E51AA20742C00002009AE /* libopencv_bgsegm.3.4.0.dylib in Frameworks */,
				FE4E51AB20742C00002009AE /* libopencv_bioinspired.3.4.0.dylib in Frameworks */,
				FE4E51AC20742C00002009AE /* libopencv_bioinspired.3.4.0.dylib in Frameworks */,
				FE4E51AD20742C00002009AE /* libopencv_calib3d.3.4.0.dylib in Frameworks */,
				FE4E51AE20742C00002009AE /* libopencv_calib3d.3.4.0.dylib in Frameworks */,
				FE4E51AF20742C00002009AE /* libopencv_ccalib.3.4.0.dylib in Frameworks */,
				FE4E51B020742C00002009AE /* libopencv_ccalib.3.4.0.dylib in Frameworks */,
				FE4E51B120742C00002009AE /* libopencv_core.3.4.0.dylib in Frameworks */,
				FE4E51B220742C00002009AE /* libopencv_core.3.4.0.dylib in Frameworks */,
				FE4E51B320742C00002009AE /* libopencv_datasets.3.4.0.dylib in Frameworks */,
				FE4E51B420742C00002009AE /* libopencv_datasets.3.4.0.dylib in Frameworks */,
				FE4E51B520742C00002009AE /* libopencv_dnn.3.4.0.dylib in Frameworks */,
				FE4E51B620742C00002009AE /* libopencv_dnn.3.4.0.dylib in Frameworks */,
				FE4E51B720742C00002009AE /* libopencv_dpm.3.4.0.dylib in Frameworks */,
				FE4E51B820742C00002009AE /* libopencv_dpm.3.4.0.dylib in Frameworks */,
				FE4E51B920742C00002009AE /* libopencv_face.3.4.0.dylib in Frameworks */,
				FE4E51BA20742C00002009AE /* libopencv_face.3.4.0.dylib in Frameworks */,
				FE4E51BB20742C00002009AE /* libopencv_features2d.3.4.0.dylib in Frameworks */,
				FE4E51BC20742C00002009AE /* libopencv_features2d.3.4.0.dylib in Frameworks */,
				FE4E51BD20742C00002009AE /* libopencv_flann.3.4.0.dylib in Frameworks */,
				FE4E51BE20742C00002009AE /* libopencv_flann.3.4.0.dylib in Frameworks */,
				FE4E51BF20742C00002009AE /* libopencv_fuzzy.3.4.0.dylib in Frameworks */,
				FE4E51C020742C00002009AE /* libopencv_fuzzy.3.4.0.dylib in Frameworks */,
				FE4E51C120742C00002009AE /* libopencv_highgui.3.4.0.dylib in Frameworks */,
				FE4E51C220742C00002009AE /* libopencv_highgui.3.4.0.dylib in Frameworks */,
				FE4E51C320742C00002009AE /* libopencv_img_hash.3.4.0.dylib in Frameworks */,
				FE4E51C420742C00002009AE /* libopencv_img_hash.3.4.0.dylib in Frameworks */,
				FE4E51C520742C00002009AE /* libopencv_imgcodecs.3.4.0.dylib in Frameworks */,
				FE4E51C620742C00002009AE /* libopencv_imgcodecs.3.4.0.dylib in Frameworks */,
				FE4E51C720742C00002009AE /* libopencv_imgproc.3.4.0.dylib in Frameworks */,
				FE4E51C820742C00002009AE /* libopencv_imgproc.3.4.0.dylib in Frameworks */,
				FE4E51C920742C00002009AE /* libopencv_line_descriptor.3.4.0.dylib in Frameworks */,
				FE4E51CA20742C00002009AE /* libopencv_line_descriptor.3.4.0.dylib in Frameworks */,
				FE4E51CB20742C00002009AE /* libopencv_ml.3.4.0.dylib in Frameworks */,
				FE4E51CC20742C00002009AE /* libopencv_ml.3.4.0.dylib in Frameworks */,
				FE4E51CD20742C00002009AE /* libopencv_objdetect.3.4.0.dylib in Frameworks */,
				FE4E51CE20742C00002009AE /* libopencv_objdetect.3.4.0.dylib in Frameworks */,
				FE4E51CF20742C00002009AE /* libopencv_optflow.3.4.0.dylib in Frameworks */,
				FE4E51D020742C00002009AE /* libopencv_optflow.3.4.0.dylib in Frameworks */,
				FE4E51D120742C00002009AE /* libopencv_phase_unwrapping.3.4.0.dylib in Frameworks */,
				FE4E51D220742C00002009AE /* libopencv_phase_unwrapping.3.4.0.dylib in Frameworks */,
				FE4E51D320742C00002009AE /* libopencv_photo.3.4.0.dylib in Frameworks */,
				FE4E51D420742C00002009AE /* libopencv_photo.3.4.0.dylib in Frameworks */,
				FE4E51D520742C00002009AE /* libopencv_plot.3.4.0.dylib in Frameworks */,
				FE4E51D620742C00002009AE /* libopencv_plot.3.4.0.dylib in Frameworks */,
				FE4E51D720742C00002009AE /* libopencv_reg.3.4.0.dylib in Frameworks */,
				FE4E51D820742C00002009AE /* libopencv_reg.3.4.0.dylib in Frameworks */,
				FE4E51D920742C00002009AE /* libopencv_rgbd.3.4.0.dylib in Frameworks */,
				FE4E51DA20742C00002009AE /* libopencv_rgbd.3.4.0.dylib in Frameworks */,
				FE4E51DB20742C00002009AE /* libopencv_saliency.3.4.0.dylib in Frameworks */,
				FE4E51DC20742C00002009AE /* libopencv_saliency.3.4.0.dylib in Frameworks */,
				FE4E51DD20742C00002009AE /* libopencv_shape.3.4.0.dylib in Frameworks */,
				FE4E51DE20742C00002009AE /* libopencv_shape.3.4.0.dylib in Frameworks */,
				FE4E51DF20742C00002009AE /* libopencv_stereo.3.4.0.dylib in Frameworks */,
				FE4E51E020742C00002009AE /* libopencv_stereo.3.4.0.dylib in Frameworks */,
				FE4E51E120742C00002009AE /* libopencv_stitching.3.4.0.dylib in Frameworks */,
				FE4E51E220742C00002009AE /* libopencv_stitching.3.4.0.dylib in Frameworks */,
				FE4E51E320742C00002009AE /* libopencv_structured_light.3.4.0.dylib in Frameworks */,
				FE4E51E420742C00002009AE /* libopencv_structured_light.3.4.0.dylib in Frameworks */,
				FE4E51E520742C00002009AE /* libopencv_superres.3.4.0.dylib in Frameworks */,
				FE4E51E620742C00002009AE /* libopencv_superres.3.4.0.dylib in Frameworks */,
				FE4E51E720742C00002009AE /* libopencv_surface_matching.3.4.0.dylib in Frameworks */,
				FE4E51E820742C00002009AE /* libopencv_surface_matching.3.4.0.dylib in Frameworks */,
				FE4E51E920742C00002009AE /* libopencv_text.3.4.0.dylib in Frameworks */,
				FE4E51EA20742C00002009AE /* libopencv_text.3.4.0.dylib in Frameworks */,
				FE4E51EB20742C00002009AE /* libopencv_tracking.3.4.0.dylib in Frameworks */,
				FE4E51EC20742C00002009AE /* libopencv_tracking.3.4.0.dylib in Frameworks */,
				FE4E51ED20742C00002009AE /* libopencv_video.3.4.0.dylib in Frameworks */,
				FE4E51EE20742C00002009AE /* libopencv_video.3.4.0.dylib in Frameworks */,
				FE4E51EF20742C00002009AE /* libopencv_videoio.3.4.0.dylib in Frameworks */,
				FE4E51F020742C00002009AE /* libopencv_videoio.3.4.0.dylib in Frameworks */,
				FE4E51F120742C00002009AE /* libopencv_videostab.3.4.0.dylib in Frameworks */,
				FE4E51F220742C00002009AE /* libopencv_videostab.3.4.0.dylib in Frameworks */,
				FE4E51F320742C00002009AE /* libopencv_xfeatures2d.3.4.0.dylib in Frameworks */,
				FE4E51F420742C00002009AE /* libopencv_xfeatures2d.3.4.0.dylib in Frameworks */,
				FE4E51F520742C00002009AE /* libopencv_ximgproc.3.4.0.dylib in Frameworks */,
				FE4E51F620742C00002009AE /* libopencv_ximgproc.3.4.0.dylib in Frameworks */,
				FE4E51F720742C00002009AE /* libopencv_xobjdetect.3.4.0.dylib in Frameworks */,
				FE4E51F820742C00002009AE /* libopencv_xobjdetect.3.4.0.dylib in Frameworks */,
				FE4E51F920742C00002009AE /* libopencv_xphoto.3.4.0.dylib in Frameworks */,
				FE4E51FA20742C00002009AE /* libopencv_xphoto.3.4.0.dylib in Frameworks */,
				FE4E51FB20742C00002009AE /* libopencv_aruco.3.4.0.dylib in Frameworks */,
				FE4E51FC20742C00002009AE /* libopencv_bgsegm.3.4.0.dylib in Frameworks */,
				FE4E51FD20742C00002009AE /* libopencv_bioinspired.3.4.0.dylib in Frameworks */,
				FE4E51FE20742C00002009AE /* libopencv_calib3d.3.4.0.dylib in Frameworks */,
				FE4E51FF20742C00002009AE /* libopencv_ccalib.3.4.0.dylib in Frameworks */,
				FE4E520020742C00002009AE /* libopencv_core.3.4.0.dylib in Frameworks */,
				FE4E520120742C00002009AE /* libopencv_datasets.3.4.0.dylib in Frameworks */,
				FE4E520220742C00002009AE /* libopencv_dnn.3.4.0.dylib in Frameworks */,
				FE4E520320742C00002009AE /* libopencv_dpm.3.4.0.dylib in Frameworks */,
				FE4E520420742C00002009AE /* libopencv_face.3.4.0.dylib in Frameworks */,
				FE4E520520742C00002009AE /* libopencv_features2d.3.4.0.dylib in Frameworks */,
				FE4E520620742C00002009AE /* libopencv_flann.3.4.0.dylib in Frameworks */,
				FE4E520720742C00002009AE /* libopencv_fuzzy.3.4.0.dylib in Frameworks */,
				FE4E520820742C00002009AE /* libopencv_highgui.3.4.0.dylib in Frameworks */,
				FE4E520920742C00002009AE /* libopencv_img_hash.3.4.0.dylib in Frameworks */,
				FE4E520A20742C00002009AE /* libopencv_imgcodecs.3.4.0.dylib in Frameworks */,
				FE4E520B20742C00002009AE /* libopencv_imgproc.3.4.0.dylib in Frameworks */,
				FE4E520C20742C00002009AE /* libopencv_line_descriptor.3.4.0.dylib in Frameworks */,
				FE4E520D20742C00002009AE /* libopencv_ml.3.4.0.dylib in Frameworks */,
				FE4E520E20742C00002009AE /* libopencv_objdetect.3.4.0.dylib in Frameworks */,
				FE4E520F20742C00002009AE /* libopencv_optflow.3.4.0.dylib in Frameworks */,
				FE4E521020742C00002009AE /* libopencv_phase_unwrapping.3.4.0.dylib in Frameworks */,
				FE4E521120742C00002009AE /* libopencv_photo.3.4.0.dylib in Frameworks */,
				FE4E521220742C00002009AE /* libopencv_plot.3.4.0.dylib in Frameworks */,
				FE4E521320742C00002009AE /* libopencv_reg.3.4.0.dylib in Frameworks */,
				FE4E521420742C00002009AE /* libopencv_rgbd.3.4.0.dylib in Frameworks */,
				FE4E521520742C00002009AE /* libopencv_saliency.3.4.0.dylib in Frameworks */,
				FE4E521620742C00002009AE /* libopencv_shape.3.4.0.dylib in Frameworks */,
				FE4E521720742C00002009AE /* libopencv_stereo.3.4.0.dylib in Frameworks */,
				FE4E521820742C00002009AE /* libopencv_stitching.3.4.0.dylib in Frameworks */,
				FE4E521920742C00002009AE /* libopencv_structured_light.3.4.0.dylib in Frameworks */,
				FE4E521A20742C00002009AE /* libopencv_superres.3.4.0.dylib in Frameworks */,
				FE4E521B20742C00002009AE /* libopencv_surface_matching.3.4.0.dylib in Frameworks */,
				FE4E521C20742C00002009AE /* libopencv_text.3.4.0.dylib in Frameworks */,
				FE4E521D20742C00002009AE /* libopencv_tracking.3.4.0.dylib in Frameworks */,
				FE4E521E20742C00002009AE /* libopencv_video.3.4.0.dylib in Frameworks */,
				FE4E521F20742C00002009AE /* libopencv_videoio.3.4.0.dylib in Frameworks */,
				FE4E522020742C00002009AE /* libopencv_videostab.3.4.0.dylib in Frameworks */,
				FE4E522120742C00002009AE /* libopencv_xfeatures2d.3.4.0.dylib in Frameworks */,
				FE4E522220742C00002009AE /* libopencv_ximgproc.3.4.0.dylib in Frameworks */,
				FE4E522320742C00002009AE /* libopencv_xobjdetect.3.4.0.dylib in Frameworks */,
				FE4E522420742C00002009AE /* libopencv_xphoto.3.4.0.dylib in Frameworks */,
			);
			runOnlyForDeploymentPostprocessing = 0;
		};
/* End PBXFrameworksBuildPhase section */

/* Begin PBXGroup section */
		FE49A4AB208A3C0300B1FBEE /* CreatorКing */ = {
			isa = PBXGroup;
			children = (
				FE49A4AC208A3C2300B1FBEE /* CreatorКing.cpp */,
				FE49A4AD208A3C2300B1FBEE /* CreatorКing.hpp */,
			);
			path = "CreatorКing";
			sourceTree = "<group>";
		};
		FE4E51372073E8CE002009AE = {
			isa = PBXGroup;
			children = (
				FE4E51422073E8CE002009AE /* Morphological transformations */,
				FE4E51412073E8CE002009AE /* Products */,
				FE4E514A2073EAB6002009AE /* Frameworks */,
			);
			sourceTree = "<group>";
		};
		FE4E51412073E8CE002009AE /* Products */ = {
			isa = PBXGroup;
			children = (
				FE4E51402073E8CE002009AE /* Morphological transformations */,
			);
			name = Products;
			sourceTree = "<group>";
		};
		FE4E51422073E8CE002009AE /* Morphological transformations */ = {
			isa = PBXGroup;
			children = (
				FEB0B19A208654C60060C6EE /* Шестеренки.png */,
				FE4E51432073E8CE002009AE /* main.cpp */,
				FE49A4AB208A3C0300B1FBEE /* CreatorКing */,
				FE73566D207CC4AE0008D044 /* hole_ring */,
				FE4E51A3207428AE002009AE /* morphologicalTransformations */,
			);
			path = "Morphological transformations";
			sourceTree = "<group>";
		};
		FE4E514A2073EAB6002009AE /* Frameworks */ = {
			isa = PBXGroup;
			children = (
				FE4E522620742C01002009AE /* pkgconfig */,
				FE4E522720742C01002009AE /* python2.7 */,
				FE4E522520742C01002009AE /* python3.6 */,
				FE4E51592073EAB7002009AE /* libomp.dylib */,
				FE4E51622073EAB7002009AE /* libopencv_aruco.3.4.0.dylib */,
				FE4E51732073EAB8002009AE /* libopencv_bgsegm.3.4.0.dylib */,
				FE4E515E2073EAB7002009AE /* libopencv_bioinspired.3.4.0.dylib */,
				FE4E516E2073EAB8002009AE /* libopencv_calib3d.3.4.0.dylib */,
				FE4E51712073EAB8002009AE /* libopencv_ccalib.3.4.0.dylib */,
				FE4E516F2073EAB8002009AE /* libopencv_core.3.4.0.dylib */,
				FE4E516A2073EAB8002009AE /* libopencv_datasets.3.4.0.dylib */,
				FE4E515F2073EAB7002009AE /* libopencv_dnn.3.4.0.dylib */,
				FE4E51702073EAB8002009AE /* libopencv_dpm.3.4.0.dylib */,
				FE4E515C2073EAB7002009AE /* libopencv_face.3.4.0.dylib */,
				FE4E51692073EAB8002009AE /* libopencv_features2d.3.4.0.dylib */,
				FE4E514D2073EAB7002009AE /* libopencv_flann.3.4.0.dylib */,
				FE4E51682073EAB8002009AE /* libopencv_fuzzy.3.4.0.dylib */,
				FE4E516C2073EAB8002009AE /* libopencv_highgui.3.4.0.dylib */,
				FE4E51502073EAB7002009AE /* libopencv_img_hash.3.4.0.dylib */,
				FE4E51642073EAB8002009AE /* libopencv_imgcodecs.3.4.0.dylib */,
				FE4E514F2073EAB7002009AE /* libopencv_imgproc.3.4.0.dylib */,
				FE4E514B2073EAB7002009AE /* libopencv_line_descriptor.3.4.0.dylib */,
				FE4E51582073EAB7002009AE /* libopencv_ml.3.4.0.dylib */,
				FE4E51532073EAB7002009AE /* libopencv_objdetect.3.4.0.dylib */,
				FE4E51632073EAB8002009AE /* libopencv_optflow.3.4.0.dylib */,
				FE4E515A2073EAB7002009AE /* libopencv_phase_unwrapping.3.4.0.dylib */,
				FE4E51552073EAB7002009AE /* libopencv_photo.3.4.0.dylib */,
				FE4E51512073EAB7002009AE /* libopencv_plot.3.4.0.dylib */,
				FE4E514E2073EAB7002009AE /* libopencv_reg.3.4.0.dylib */,
				FE4E51722073EAB8002009AE /* libopencv_rgbd.3.4.0.dylib */,
				FE4E515B2073EAB7002009AE /* libopencv_saliency.3.4.0.dylib */,
				FE4E515D2073EAB7002009AE /* libopencv_shape.3.4.0.dylib */,
				FE4E51602073EAB7002009AE /* libopencv_stereo.3.4.0.dylib */,
				FE4E516D2073EAB8002009AE /* libopencv_stitching.3.4.0.dylib */,
				FE4E51742073EAB8002009AE /* libopencv_structured_light.3.4.0.dylib */,
				FE4E51672073EAB8002009AE /* libopencv_superres.3.4.0.dylib */,
				FE4E51752073EAB8002009AE /* libopencv_surface_matching.3.4.0.dylib */,
				FE4E51542073EAB7002009AE /* libopencv_text.3.4.0.dylib */,
				FE4E51562073EAB7002009AE /* libopencv_tracking.3.4.0.dylib */,
				FE4E51612073EAB7002009AE /* libopencv_video.3.4.0.dylib */,
				FE4E514C2073EAB7002009AE /* libopencv_videoio.3.4.0.dylib */,
				FE4E51652073EAB8002009AE /* libopencv_videostab.3.4.0.dylib */,
				FE4E51572073EAB7002009AE /* libopencv_xfeatures2d.3.4.0.dylib */,
				FE4E51662073EAB8002009AE /* libopencv_ximgproc.3.4.0.dylib */,
				FE4E516B2073EAB8002009AE /* libopencv_xobjdetect.3.4.0.dylib */,
				FE4E51522073EAB7002009AE /* libopencv_xphoto.3.4.0.dylib */,
			);
			name = Frameworks;
			sourceTree = "<group>";
		};
		FE4E51A3207428AE002009AE /* morphologicalTransformations */ = {
			isa = PBXGroup;
			children = (
				FE4E51A4207428EF002009AE /* morphologicalTransformations.cpp */,
				FE4E51A5207428EF002009AE /* morphologicalTransformations.hpp */,
			);
			path = morphologicalTransformations;
			sourceTree = "<group>";
		};
		FE73566D207CC4AE0008D044 /* hole_ring */ = {
			isa = PBXGroup;
			children = (
				FE73566E207CC4EB0008D044 /* holeRing.cpp */,
				FE73566F207CC4EB0008D044 /* holeRing.hpp */,
			);
			path = hole_ring;
			sourceTree = "<group>";
		};
/* End PBXGroup section */

/* Begin PBXNativeTarget section */
		FE4E513F2073E8CE002009AE /* Morphological transformations */ = {
			isa = PBXNativeTarget;
			buildConfigurationList = FE4E51472073E8CE002009AE /* Build configuration list for PBXNativeTarget "Morphological transformations" */;
			buildPhases = (
				FE4E513C2073E8CE002009AE /* Sources */,
				FE4E513D2073E8CE002009AE /* Frameworks */,
				FE4E513E2073E8CE002009AE /* CopyFiles */,
			);
			buildRules = (
			);
			dependencies = (
			);
			name = "Morphological transformations";
			productName = "Morphological transformations";
			productReference = FE4E51402073E8CE002009AE /* Morphological transformations */;
			productType = "com.apple.product-type.tool";
		};
/* End PBXNativeTarget section */

/* Begin PBXProject section */
		FE4E51382073E8CE002009AE /* Project object */ = {
			isa = PBXProject;
			attributes = {
				LastUpgradeCheck = 0910;
				ORGANIZATIONNAME = "Артём Семёнов";
				TargetAttributes = {
					FE4E513F2073E8CE002009AE = {
						CreatedOnToolsVersion = 9.1;
						ProvisioningStyle = Automatic;
					};
				};
			};
			buildConfigurationList = FE4E513B2073E8CE002009AE /* Build configuration list for PBXProject "Morphological transformations" */;
			compatibilityVersion = "Xcode 8.0";
			developmentRegion = en;
			hasScannedForEncodings = 0;
			knownRegions = (
				en,
			);
			mainGroup = FE4E51372073E8CE002009AE;
			productRefGroup = FE4E51412073E8CE002009AE /* Products */;
			projectDirPath = "";
			projectRoot = "";
			targets = (
				FE4E513F2073E8CE002009AE /* Morphological transformations */,
			);
		};
/* End PBXProject section */

/* Begin PBXSourcesBuildPhase section */
		FE4E513C2073E8CE002009AE /* Sources */ = {
			isa = PBXSourcesBuildPhase;
			buildActionMask = 2147483647;
			files = (
				FE49A4AE208A3C2300B1FBEE /* CreatorКing.cpp in Sources */,
				FE4E51A6207428EF002009AE /* morphologicalTransformations.cpp in Sources */,
				FE4E51442073E8CE002009AE /* main.cpp in Sources */,
				FE735670207CC4EB0008D044 /* holeRing.cpp in Sources */,
			);
			runOnlyForDeploymentPostprocessing = 0;
		};
/* End PBXSourcesBuildPhase section */

/* Begin XCBuildConfiguration section */
		FE4E51452073E8CE002009AE /* Debug */ = {
			isa = XCBuildConfiguration;
			buildSettings = {
				ALWAYS_SEARCH_USER_PATHS = YES;
				CLANG_ANALYZER_NONNULL = YES;
				CLANG_ANALYZER_NUMBER_OBJECT_CONVERSION = YES_AGGRESSIVE;
				CLANG_CXX_LANGUAGE_STANDARD = "gnu++14";
				CLANG_CXX_LIBRARY = "libc++";
				CLANG_ENABLE_MODULES = YES;
				CLANG_ENABLE_OBJC_ARC = YES;
				CLANG_WARN_BLOCK_CAPTURE_AUTORELEASING = YES;
				CLANG_WARN_BOOL_CONVERSION = YES;
				CLANG_WARN_COMMA = YES;
				CLANG_WARN_CONSTANT_CONVERSION = YES;
				CLANG_WARN_DIRECT_OBJC_ISA_USAGE = YES_ERROR;
				CLANG_WARN_DOCUMENTATION_COMMENTS = NO;
				CLANG_WARN_EMPTY_BODY = YES;
				CLANG_WARN_ENUM_CONVERSION = YES;
				CLANG_WARN_INFINITE_RECURSION = YES;
				CLANG_WARN_INT_CONVERSION = YES;
				CLANG_WARN_NON_LITERAL_NULL_CONVERSION = YES;
				CLANG_WARN_OBJC_LITERAL_CONVERSION = YES;
				CLANG_WARN_OBJC_ROOT_CLASS = YES_ERROR;
				CLANG_WARN_RANGE_LOOP_ANALYSIS = YES;
				CLANG_WARN_STRICT_PROTOTYPES = YES;
				CLANG_WARN_SUSPICIOUS_MOVE = YES;
				CLANG_WARN_UNGUARDED_AVAILABILITY = YES_AGGRESSIVE;
				CLANG_WARN_UNREACHABLE_CODE = YES;
				CLANG_WARN__DUPLICATE_METHOD_MATCH = YES;
				CODE_SIGN_IDENTITY = "-";
				COPY_PHASE_STRIP = NO;
				DEBUG_INFORMATION_FORMAT = dwarf;
				ENABLE_STRICT_OBJC_MSGSEND = YES;
				ENABLE_TESTABILITY = YES;
				FRAMEWORK_SEARCH_PATHS = "";
				GCC_C_LANGUAGE_STANDARD = gnu11;
				GCC_DYNAMIC_NO_PIC = NO;
				GCC_NO_COMMON_BLOCKS = NO;
				GCC_OPTIMIZATION_LEVEL = 0;
				GCC_PREPROCESSOR_DEFINITIONS = (
					"DEBUG=1",
					"$(inherited)",
				);
				GCC_WARN_64_TO_32_BIT_CONVERSION = YES;
				GCC_WARN_ABOUT_RETURN_TYPE = YES_ERROR;
				GCC_WARN_UNDECLARED_SELECTOR = YES;
				GCC_WARN_UNINITIALIZED_AUTOS = YES_AGGRESSIVE;
				GCC_WARN_UNUSED_FUNCTION = YES;
				GCC_WARN_UNUSED_VARIABLE = YES;
				HEADER_SEARCH_PATHS = /usr/local/include;
				MACOSX_DEPLOYMENT_TARGET = 10.13;
				MTL_ENABLE_DEBUG_INFO = YES;
				ONLY_ACTIVE_ARCH = YES;
				SDKROOT = macosx;
			};
			name = Debug;
		};
		FE4E51462073E8CE002009AE /* Release */ = {
			isa = XCBuildConfiguration;
			buildSettings = {
				ALWAYS_SEARCH_USER_PATHS = YES;
				CLANG_ANALYZER_NONNULL = YES;
				CLANG_ANALYZER_NUMBER_OBJECT_CONVERSION = YES_AGGRESSIVE;
				CLANG_CXX_LANGUAGE_STANDARD = "gnu++14";
				CLANG_CXX_LIBRARY = "libc++";
				CLANG_ENABLE_MODULES = YES;
				CLANG_ENABLE_OBJC_ARC = YES;
				CLANG_WARN_BLOCK_CAPTURE_AUTORELEASING = YES;
				CLANG_WARN_BOOL_CONVERSION = YES;
				CLANG_WARN_COMMA = YES;
				CLANG_WARN_CONSTANT_CONVERSION = YES;
				CLANG_WARN_DIRECT_OBJC_ISA_USAGE = YES_ERROR;
				CLANG_WARN_DOCUMENTATION_COMMENTS = NO;
				CLANG_WARN_EMPTY_BODY = YES;
				CLANG_WARN_ENUM_CONVERSION = YES;
				CLANG_WARN_INFINITE_RECURSION = YES;
				CLANG_WARN_INT_CONVERSION = YES;
				CLANG_WARN_NON_LITERAL_NULL_CONVERSION = YES;
				CLANG_WARN_OBJC_LITERAL_CONVERSION = YES;
				CLANG_WARN_OBJC_ROOT_CLASS = YES_ERROR;
				CLANG_WARN_RANGE_LOOP_ANALYSIS = YES;
				CLANG_WARN_STRICT_PROTOTYPES = YES;
				CLANG_WARN_SUSPICIOUS_MOVE = YES;
				CLANG_WARN_UNGUARDED_AVAILABILITY = YES_AGGRESSIVE;
				CLANG_WARN_UNREACHABLE_CODE = YES;
				CLANG_WARN__DUPLICATE_METHOD_MATCH = YES;
				CODE_SIGN_IDENTITY = "-";
				COPY_PHASE_STRIP = NO;
				DEBUG_INFORMATION_FORMAT = "dwarf-with-dsym";
				ENABLE_NS_ASSERTIONS = NO;
				ENABLE_STRICT_OBJC_MSGSEND = YES;
				FRAMEWORK_SEARCH_PATHS = "";
				GCC_C_LANGUAGE_STANDARD = gnu11;
				GCC_NO_COMMON_BLOCKS = NO;
				GCC_OPTIMIZATION_LEVEL = 0;
				GCC_WARN_64_TO_32_BIT_CONVERSION = YES;
				GCC_WARN_ABOUT_RETURN_TYPE = YES_ERROR;
				GCC_WARN_UNDECLARED_SELECTOR = YES;
				GCC_WARN_UNINITIALIZED_AUTOS = YES_AGGRESSIVE;
				GCC_WARN_UNUSED_FUNCTION = YES;
				GCC_WARN_UNUSED_VARIABLE = YES;
				HEADER_SEARCH_PATHS = /usr/local/include;
				MACOSX_DEPLOYMENT_TARGET = 10.13;
				MTL_ENABLE_DEBUG_INFO = NO;
				SDKROOT = macosx;
			};
			name = Release;
		};
		FE4E51482073E8CE002009AE /* Debug */ = {
			isa = XCBuildConfiguration;
			buildSettings = {
				ALWAYS_SEARCH_USER_PATHS = NO;
				CLANG_WARN_DOCUMENTATION_COMMENTS = NO;
				CODE_SIGN_STYLE = Automatic;
				FRAMEWORK_SEARCH_PATHS = "";
				GCC_NO_COMMON_BLOCKS = YES;
				HEADER_SEARCH_PATHS = /usr/local/include;
				LIBRARY_SEARCH_PATHS = (
					"$(inherited)",
					/usr/local/Cellar/opencv/3.4.0_1/lib,
				);
				PRODUCT_NAME = "$(TARGET_NAME)";
			};
			name = Debug;
		};
		FE4E51492073E8CE002009AE /* Release */ = {
			isa = XCBuildConfiguration;
			buildSettings = {
				ALWAYS_SEARCH_USER_PATHS = NO;
				CLANG_WARN_DOCUMENTATION_COMMENTS = NO;
				CODE_SIGN_STYLE = Automatic;
				FRAMEWORK_SEARCH_PATHS = "";
				GCC_NO_COMMON_BLOCKS = YES;
				HEADER_SEARCH_PATHS = /usr/local/include;
				LIBRARY_SEARCH_PATHS = (
					"$(inherited)",
					/usr/local/Cellar/opencv/3.4.0_1/lib,
				);
				PRODUCT_NAME = "$(TARGET_NAME)";
			};
			name = Release;
		};
/* End XCBuildConfiguration section */

/* Begin XCConfigurationList section */
		FE4E513B2073E8CE002009AE /* Build configuration list for PBXProject "Morphological transformations" */ = {
			isa = XCConfigurationList;
			buildConfigurations = (
				FE4E51452073E8CE002009AE /* Debug */,
				FE4E51462073E8CE002009AE /* Release */,
			);
			defaultConfigurationIsVisible = 0;
			defaultConfigurationName = Release;
		};
		FE4E51472073E8CE002009AE /* Build configuration list for PBXNativeTarget "Morphological transformations" */ = {
			isa = XCConfigurationList;
			buildConfigurations = (
				FE4E51482073E8CE002009AE /* Debug */,
				FE4E51492073E8CE002009AE /* Release */,
			);
			defaultConfigurationIsVisible = 0;
			defaultConfigurationName = Release;
		};
/* End XCConfigurationList section */
	};
	rootObject = FE4E51382073E8CE002009AE /* Project object */;
}
